
Microsoft Visual Studio Solution File, Format Version 12.00
Project("{FAE04EC0-301F-11D3-BF4B-00C04F79EFBC}") = "KebabiLauncher", "KebabiLauncher\KebabiLauncher.csproj", "{1C8FC9B2-5E79-40A2-8040-8B6CD7EE1E31}"
EndProject
Global
	GlobalSection(SolutionConfigurationPlatforms) = preSolution
		Debug|Any CPU = Debug|Any CPU
		Release|Any CPU = Release|Any CPU
	EndGlobalSection
	GlobalSection(ProjectConfigurationPlatforms) = postSolution
		{1C8FC9B2-5E79-40A2-8040-8B6CD7EE1E31}.Debug|Any CPU.ActiveCfg = Debug|Any CPU
		{1C8FC9B2-5E79-40A2-8040-8B6CD7EE1E31}.Debug|Any CPU.Build.0 = Debug|Any CPU
		{1C8FC9B2-5E79-40A2-8040-8B6CD7EE1E31}.Release|Any CPU.ActiveCfg = Release|Any CPU
		{1C8FC9B2-5E79-40A2-8040-8B6CD7EE1E31}.Release|Any CPU.Build.0 = Release|Any CPU
	EndGlobalSection
EndGlobal
